
Microsoft Visual Studio Solution File, Format Version 12.00
Project("{FAE04EC0-301F-11D3-BF4B-00C04F79EFBC}") = "BeziqueCardGame", "BeziqueCardGame\BeziqueCardGame.csproj", "{3F515761-7F65-47A7-9598-C40E73606414}"
EndProject
Global
	GlobalSection(SolutionConfigurationPlatforms) = preSolution
		Debug|Any CPU = Debug|Any CPU
		Release|Any CPU = Release|Any CPU
	EndGlobalSection
	GlobalSection(ProjectConfigurationPlatforms) = postSolution
		{3F515761-7F65-47A7-9598-C40E73606414}.Debug|Any CPU.ActiveCfg = Debug|Any CPU
		{3F515761-7F65-47A7-9598-C40E73606414}.Debug|Any CPU.Build.0 = Debug|Any CPU
		{3F515761-7F65-47A7-9598-C40E73606414}.Release|Any CPU.ActiveCfg = Release|Any CPU
		{3F515761-7F65-47A7-9598-C40E73606414}.Release|Any CPU.Build.0 = Release|Any CPU
	EndGlobalSection
EndGlobal
